
Microsoft Visual Studio Solution File, Format Version 12.00
# Visual Studio 14
VisualStudioVersion = 14.0.25420.1
MinimumVisualStudioVersion = 10.0.40219.1
Project("{2150E333-8FDC-42A3-9474-1A3956D46DE8}") = "src", "src", "{DE1C8041-212C-4DD3-9ADE-69AED713A59E}"
EndProject
Project("{2150E333-8FDC-42A3-9474-1A3956D46DE8}") = "Solution Items", "Solution Items", "{630FF432-662E-4619-9C77-D25F7D26EC6B}"
	ProjectSection(SolutionItems) = preProject
		global.json = global.json
	EndProjectSection
EndProject
Project("{8BB2217D-0F2D-49D1-97BC-3654ED321F3B}") = "PigglenippiePiano", "src\PigglenippiePiano\PigglenippiePiano.xproj", "{FFF10939-BEDC-4AEE-869F-757F1445EC82}"
EndProject
Global
	GlobalSection(SolutionConfigurationPlatforms) = preSolution
		Debug|Any CPU = Debug|Any CPU
		Release|Any CPU = Release|Any CPU
	EndGlobalSection
	GlobalSection(ProjectConfigurationPlatforms) = postSolution
		{FFF10939-BEDC-4AEE-869F-757F1445EC82}.Debug|Any CPU.ActiveCfg = Debug|Any CPU
		{FFF10939-BEDC-4AEE-869F-757F1445EC82}.Debug|Any CPU.Build.0 = Debug|Any CPU
		{FFF10939-BEDC-4AEE-869F-757F1445EC82}.Release|Any CPU.ActiveCfg = Release|Any CPU
		{FFF10939-BEDC-4AEE-869F-757F1445EC82}.Release|Any CPU.Build.0 = Release|Any CPU
	EndGlobalSection
	GlobalSection(SolutionProperties) = preSolution
		HideSolutionNode = FALSE
	EndGlobalSection
	GlobalSection(NestedProjects) = preSolution
		{FFF10939-BEDC-4AEE-869F-757F1445EC82} = {DE1C8041-212C-4DD3-9ADE-69AED713A59E}
	EndGlobalSection
EndGlobal
